# THIS IS AN AUTOGENERATED FILE. DO NOT EDIT THIS FILE DIRECTLY.
# yarn lockfile v1


"@ampproject/remapping@^2.2.1":
  version "2.3.0"
  resolved "https://registry.yarnpkg.com/@ampproject/remapping/-/remapping-2.3.0.tgz#ed441b6fa600072520ce18b43d2c8cc8caecc7f4"
  integrity sha512-30iZtAPgz+LTIYoeivqYo853f02jBYSd5uGnGpkFV0M3xOt9aN73erkgYAmZU43x4VfqcnLxW9Kpg3R5LC4YYw==
  dependencies:
    "@jridgewell/gen-mapping" "^0.3.5"
    "@jridgewell/trace-mapping" "^0.3.24"

"@babel/runtime@^7.9.2":
  version "7.24.8"
  resolved "https://registry.yarnpkg.com/@babel/runtime/-/runtime-7.24.8.tgz#5d958c3827b13cc6d05e038c07fb2e5e3420d82e"
  integrity sha512-5F7SDGs1T72ZczbRwbGO9lQi0NLjQxzl6i4lJxLxfW9U5UluCSyEJeniWvnhl3/euNiqQVbo8zruhsDfid0esA==
  dependencies:
    regenerator-runtime "^0.14.0"

"@esbuild/android-arm64@0.16.17":
  version "0.16.17"
  resolved "https://registry.yarnpkg.com/@esbuild/android-arm64/-/android-arm64-0.16.17.tgz#cf91e86df127aa3d141744edafcba0abdc577d23"
  integrity sha512-MIGl6p5sc3RDTLLkYL1MyL8BMRN4tLMRCn+yRJJmEDvYZ2M7tmAf80hx1kbNEUX2KJ50RRtxZ4JHLvCfuB6kBg==

"@esbuild/android-arm@0.16.17":
  version "0.16.17"
  resolved "https://registry.yarnpkg.com/@esbuild/android-arm/-/android-arm-0.16.17.tgz#025b6246d3f68b7bbaa97069144fb5fb70f2fff2"
  integrity sha512-N9x1CMXVhtWEAMS7pNNONyA14f71VPQN9Cnavj1XQh6T7bskqiLLrSca4O0Vr8Wdcga943eThxnVp3JLnBMYtw==

"@esbuild/android-x64@0.16.17":
  version "0.16.17"
  resolved "https://registry.yarnpkg.com/@esbuild/android-x64/-/android-x64-0.16.17.tgz#c820e0fef982f99a85c4b8bfdd582835f04cd96e"
  integrity sha512-a3kTv3m0Ghh4z1DaFEuEDfz3OLONKuFvI4Xqczqx4BqLyuFaFkuaG4j2MtA6fuWEFeC5x9IvqnX7drmRq/fyAQ==

"@esbuild/darwin-arm64@0.16.17":
  version "0.16.17"
  resolved "https://registry.yarnpkg.com/@esbuild/darwin-arm64/-/darwin-arm64-0.16.17.tgz#edef4487af6b21afabba7be5132c26d22379b220"
  integrity sha512-/2agbUEfmxWHi9ARTX6OQ/KgXnOWfsNlTeLcoV7HSuSTv63E4DqtAc+2XqGw1KHxKMHGZgbVCZge7HXWX9Vn+w==

"@esbuild/darwin-x64@0.16.17":
  version "0.16.17"
  resolved "https://registry.yarnpkg.com/@esbuild/darwin-x64/-/darwin-x64-0.16.17.tgz#42829168730071c41ef0d028d8319eea0e2904b4"
  integrity sha512-2By45OBHulkd9Svy5IOCZt376Aa2oOkiE9QWUK9fe6Tb+WDr8hXL3dpqi+DeLiMed8tVXspzsTAvd0jUl96wmg==

"@esbuild/freebsd-arm64@0.16.17":
  version "0.16.17"
  resolved "https://registry.yarnpkg.com/@esbuild/freebsd-arm64/-/freebsd-arm64-0.16.17.tgz#1f4af488bfc7e9ced04207034d398e793b570a27"
  integrity sha512-mt+cxZe1tVx489VTb4mBAOo2aKSnJ33L9fr25JXpqQqzbUIw/yzIzi+NHwAXK2qYV1lEFp4OoVeThGjUbmWmdw==

"@esbuild/freebsd-x64@0.16.17":
  version "0.16.17"
  resolved "https://registry.yarnpkg.com/@esbuild/freebsd-x64/-/freebsd-x64-0.16.17.tgz#636306f19e9bc981e06aa1d777302dad8fddaf72"
  integrity sha512-8ScTdNJl5idAKjH8zGAsN7RuWcyHG3BAvMNpKOBaqqR7EbUhhVHOqXRdL7oZvz8WNHL2pr5+eIT5c65kA6NHug==

"@esbuild/linux-arm64@0.16.17":
  version "0.16.17"
  resolved "https://registry.yarnpkg.com/@esbuild/linux-arm64/-/linux-arm64-0.16.17.tgz#a003f7ff237c501e095d4f3a09e58fc7b25a4aca"
  integrity sha512-7S8gJnSlqKGVJunnMCrXHU9Q8Q/tQIxk/xL8BqAP64wchPCTzuM6W3Ra8cIa1HIflAvDnNOt2jaL17vaW+1V0g==

"@esbuild/linux-arm@0.16.17":
  version "0.16.17"
  resolved "https://registry.yarnpkg.com/@esbuild/linux-arm/-/linux-arm-0.16.17.tgz#b591e6a59d9c4fe0eeadd4874b157ab78cf5f196"
  integrity sha512-iihzrWbD4gIT7j3caMzKb/RsFFHCwqqbrbH9SqUSRrdXkXaygSZCZg1FybsZz57Ju7N/SHEgPyaR0LZ8Zbe9gQ==

"@esbuild/linux-ia32@0.16.17":
  version "0.16.17"
  resolved "https://registry.yarnpkg.com/@esbuild/linux-ia32/-/linux-ia32-0.16.17.tgz#24333a11027ef46a18f57019450a5188918e2a54"
  integrity sha512-kiX69+wcPAdgl3Lonh1VI7MBr16nktEvOfViszBSxygRQqSpzv7BffMKRPMFwzeJGPxcio0pdD3kYQGpqQ2SSg==

"@esbuild/linux-loong64@0.16.17":
  version "0.16.17"
  resolved "https://registry.yarnpkg.com/@esbuild/linux-loong64/-/linux-loong64-0.16.17.tgz#d5ad459d41ed42bbd4d005256b31882ec52227d8"
  integrity sha512-dTzNnQwembNDhd654cA4QhbS9uDdXC3TKqMJjgOWsC0yNCbpzfWoXdZvp0mY7HU6nzk5E0zpRGGx3qoQg8T2DQ==

"@esbuild/linux-mips64el@0.16.17":
  version "0.16.17"
  resolved "https://registry.yarnpkg.com/@esbuild/linux-mips64el/-/linux-mips64el-0.16.17.tgz#4e5967a665c38360b0a8205594377d4dcf9c3726"
  integrity sha512-ezbDkp2nDl0PfIUn0CsQ30kxfcLTlcx4Foz2kYv8qdC6ia2oX5Q3E/8m6lq84Dj/6b0FrkgD582fJMIfHhJfSw==

"@esbuild/linux-ppc64@0.16.17":
  version "0.16.17"
  resolved "https://registry.yarnpkg.com/@esbuild/linux-ppc64/-/linux-ppc64-0.16.17.tgz#206443a02eb568f9fdf0b438fbd47d26e735afc8"
  integrity sha512-dzS678gYD1lJsW73zrFhDApLVdM3cUF2MvAa1D8K8KtcSKdLBPP4zZSLy6LFZ0jYqQdQ29bjAHJDgz0rVbLB3g==

"@esbuild/linux-riscv64@0.16.17":
  version "0.16.17"
  resolved "https://registry.yarnpkg.com/@esbuild/linux-riscv64/-/linux-riscv64-0.16.17.tgz#c351e433d009bf256e798ad048152c8d76da2fc9"
  integrity sha512-ylNlVsxuFjZK8DQtNUwiMskh6nT0vI7kYl/4fZgV1llP5d6+HIeL/vmmm3jpuoo8+NuXjQVZxmKuhDApK0/cKw==

"@esbuild/linux-s390x@0.16.17":
  version "0.16.17"
  resolved "https://registry.yarnpkg.com/@esbuild/linux-s390x/-/linux-s390x-0.16.17.tgz#661f271e5d59615b84b6801d1c2123ad13d9bd87"
  integrity sha512-gzy7nUTO4UA4oZ2wAMXPNBGTzZFP7mss3aKR2hH+/4UUkCOyqmjXiKpzGrY2TlEUhbbejzXVKKGazYcQTZWA/w==

"@esbuild/linux-x64@0.16.17":
  version "0.16.17"
  resolved "https://registry.yarnpkg.com/@esbuild/linux-x64/-/linux-x64-0.16.17.tgz#e4ba18e8b149a89c982351443a377c723762b85f"
  integrity sha512-mdPjPxfnmoqhgpiEArqi4egmBAMYvaObgn4poorpUaqmvzzbvqbowRllQ+ZgzGVMGKaPkqUmPDOOFQRUFDmeUw==

"@esbuild/netbsd-x64@0.16.17":
  version "0.16.17"
  resolved "https://registry.yarnpkg.com/@esbuild/netbsd-x64/-/netbsd-x64-0.16.17.tgz#7d4f4041e30c5c07dd24ffa295c73f06038ec775"
  integrity sha512-/PzmzD/zyAeTUsduZa32bn0ORug+Jd1EGGAUJvqfeixoEISYpGnAezN6lnJoskauoai0Jrs+XSyvDhppCPoKOA==

"@esbuild/openbsd-x64@0.16.17":
  version "0.16.17"
  resolved "https://registry.yarnpkg.com/@esbuild/openbsd-x64/-/openbsd-x64-0.16.17.tgz#970fa7f8470681f3e6b1db0cc421a4af8060ec35"
  integrity sha512-2yaWJhvxGEz2RiftSk0UObqJa/b+rIAjnODJgv2GbGGpRwAfpgzyrg1WLK8rqA24mfZa9GvpjLcBBg8JHkoodg==

"@esbuild/sunos-x64@0.16.17":
  version "0.16.17"
  resolved "https://registry.yarnpkg.com/@esbuild/sunos-x64/-/sunos-x64-0.16.17.tgz#abc60e7c4abf8b89fb7a4fe69a1484132238022c"
  integrity sha512-xtVUiev38tN0R3g8VhRfN7Zl42YCJvyBhRKw1RJjwE1d2emWTVToPLNEQj/5Qxc6lVFATDiy6LjVHYhIPrLxzw==

"@esbuild/win32-arm64@0.16.17":
  version "0.16.17"
  resolved "https://registry.yarnpkg.com/@esbuild/win32-arm64/-/win32-arm64-0.16.17.tgz#7b0ff9e8c3265537a7a7b1fd9a24e7bd39fcd87a"
  integrity sha512-ga8+JqBDHY4b6fQAmOgtJJue36scANy4l/rL97W+0wYmijhxKetzZdKOJI7olaBaMhWt8Pac2McJdZLxXWUEQw==

"@esbuild/win32-ia32@0.16.17":
  version "0.16.17"
  resolved "https://registry.yarnpkg.com/@esbuild/win32-ia32/-/win32-ia32-0.16.17.tgz#e90fe5267d71a7b7567afdc403dfd198c292eb09"
  integrity sha512-WnsKaf46uSSF/sZhwnqE4L/F89AYNMiD4YtEcYekBt9Q7nj0DiId2XH2Ng2PHM54qi5oPrQ8luuzGszqi/veig==

"@esbuild/win32-x64@0.16.17":
  version "0.16.17"
  resolved "https://registry.yarnpkg.com/@esbuild/win32-x64/-/win32-x64-0.16.17.tgz#c5a1a4bfe1b57f0c3e61b29883525c6da3e5c091"
  integrity sha512-y+EHuSchhL7FjHgvQL/0fnnFmO4T1bhvWANX6gcnqTjtnKWbTvUMCpGnv2+t+31d7RzyEAYAd4u2fnIhHL6N/Q==

"@jridgewell/gen-mapping@^0.3.5":
  version "0.3.5"
  resolved "https://registry.yarnpkg.com/@jridgewell/gen-mapping/-/gen-mapping-0.3.5.tgz#dcce6aff74bdf6dad1a95802b69b04a2fcb1fb36"
  integrity sha512-IzL8ZoEDIBRWEzlCcRhOaCupYyN5gdIK+Q6fbFdPDg6HqX6jpkItn7DFIpW9LQzXG6Df9sA7+OKnq0qlz/GaQg==
  dependencies:
    "@jridgewell/set-array" "^1.2.1"
    "@jridgewell/sourcemap-codec" "^1.4.10"
    "@jridgewell/trace-mapping" "^0.3.24"

"@jridgewell/resolve-uri@^3.1.0":
  version "3.1.2"
  resolved "https://registry.yarnpkg.com/@jridgewell/resolve-uri/-/resolve-uri-3.1.2.tgz#7a0ee601f60f99a20c7c7c5ff0c80388c1189bd6"
  integrity sha512-bRISgCIjP20/tbWSPWMEi54QVPRZExkuD9lJL+UIxUKtwVJA8wW1Trb1jMs1RFXo1CBTNZ/5hpC9QvmKWdopKw==

"@jridgewell/set-array@^1.2.1":
  version "1.2.1"
  resolved "https://registry.yarnpkg.com/@jridgewell/set-array/-/set-array-1.2.1.tgz#558fb6472ed16a4c850b889530e6b36438c49280"
  integrity sha512-R8gLRTZeyp03ymzP/6Lil/28tGeGEzhx1q2k703KGWRAI1VdvPIXdG70VJc2pAMw3NA6JKL5hhFu1sJX0Mnn/A==

"@jridgewell/sourcemap-codec@^1.4.10", "@jridgewell/sourcemap-codec@^1.4.14", "@jridgewell/sourcemap-codec@^1.4.15":
  version "1.5.0"
  resolved "https://registry.yarnpkg.com/@jridgewell/sourcemap-codec/-/sourcemap-codec-1.5.0.tgz#3188bcb273a414b0d215fd22a58540b989b9409a"
  integrity sha512-gv3ZRaISU3fjPAgNsriBRqGWQL6quFx04YMPW/zD8XMLsU32mhCCbfbO6KZFLjvYpCZ8zyDEgqsgf+PwPaM7GQ==

"@jridgewell/trace-mapping@^0.3.18", "@jridgewell/trace-mapping@^0.3.19", "@jridgewell/trace-mapping@^0.3.24":
  version "0.3.25"
  resolved "https://registry.yarnpkg.com/@jridgewell/trace-mapping/-/trace-mapping-0.3.25.tgz#15f190e98895f3fc23276ee14bc76b675c2e50f0"
  integrity sha512-vNk6aEwybGtawWmy/PzwnGDOjCkLWSD2wqvjGGAgOAwCGWySYXfYoxt00IJkTF+8Lb57DwOb3Aa0o9CApepiYQ==
  dependencies:
    "@jridgewell/resolve-uri" "^3.1.0"
    "@jridgewell/sourcemap-codec" "^1.4.14"

"@nodelib/fs.scandir@2.1.5":
  version "2.1.5"
  resolved "https://registry.yarnpkg.com/@nodelib/fs.scandir/-/fs.scandir-2.1.5.tgz#7619c2eb21b25483f6d167548b4cfd5a7488c3d5"
  integrity sha512-vq24Bq3ym5HEQm2NKCr3yXDwjc7vTsEThRDnkp2DK9p1uqLR+DHurm/NOTo0KG7HYHU7eppKZj3MyqYuMBf62g==
  dependencies:
    "@nodelib/fs.stat" "2.0.5"
    run-parallel "^1.1.9"

"@nodelib/fs.stat@2.0.5", "@nodelib/fs.stat@^2.0.2":
  version "2.0.5"
  resolved "https://registry.yarnpkg.com/@nodelib/fs.stat/-/fs.stat-2.0.5.tgz#5bd262af94e9d25bd1e71b05deed44876a222e8b"
  integrity sha512-RkhPPp2zrqDAQA/2jNhnztcPAlv64XdhIp7a7454A5ovI7Bukxgt7MX7udwAu3zg1DcpPU0rz3VV1SeaqvY4+A==

"@nodelib/fs.walk@^1.2.3":
  version "1.2.8"
  resolved "https://registry.yarnpkg.com/@nodelib/fs.walk/-/fs.walk-1.2.8.tgz#e95737e8bb6746ddedf69c556953494f196fe69a"
  integrity sha512-oGB+UxlgWcgQkgwo8GcEGwemoTFt3FIO9ababBmaGwXIoBKZ+GTy0pP185beGg7Llih/NSHSV2XAs1lnznocSg==
  dependencies:
    "@nodelib/fs.scandir" "2.1.5"
    fastq "^1.6.0"

"@popperjs/core@^2.10.2", "@popperjs/core@^2.9.3":
  version "2.11.8"
  resolved "https://registry.yarnpkg.com/@popperjs/core/-/core-2.11.8.tgz#6b79032e760a0899cd4204710beede972a3a185f"
  integrity sha512-P1st0aksCrn9sGZhp8GMYwBnQsbvAWsZAX44oXNNvLHGqAOcoVxmjZiohstwQ7SqKnbR47akdNi+uleWD8+g6A==

"@rollup/plugin-node-resolve@^15.2.3":
  version "15.2.3"
  resolved "https://registry.yarnpkg.com/@rollup/plugin-node-resolve/-/plugin-node-resolve-15.2.3.tgz#e5e0b059bd85ca57489492f295ce88c2d4b0daf9"
  integrity sha512-j/lym8nf5E21LwBT4Df1VD6hRO2L2iwUeUmP7litikRsVp1H6NWx20NEp0Y7su+7XGc476GnXXc4kFeZNGmaSQ==
  dependencies:
    "@rollup/pluginutils" "^5.0.1"
    "@types/resolve" "1.20.2"
    deepmerge "^4.2.2"
    is-builtin-module "^3.2.1"
    is-module "^1.0.0"
    resolve "^1.22.1"

"@rollup/pluginutils@^5.0.1":
  version "5.1.0"
  resolved "https://registry.yarnpkg.com/@rollup/pluginutils/-/pluginutils-5.1.0.tgz#7e53eddc8c7f483a4ad0b94afb1f7f5fd3c771e0"
  integrity sha512-XTIWOPPcpvyKI6L1NHo0lFlCyznUEyPmPY1mc3KpPVDYulHSTvyeLNVW00QTLIAFNhR3kYnJTQHeGqU4M3n09g==
  dependencies:
    "@types/estree" "^1.0.0"
    estree-walker "^2.0.2"
    picomatch "^2.3.1"

"@types/estree@*", "@types/estree@^1.0.0", "@types/estree@^1.0.1":
  version "1.0.5"
  resolved "https://registry.yarnpkg.com/@types/estree/-/estree-1.0.5.tgz#a6ce3e556e00fd9895dd872dd172ad0d4bd687f4"
  integrity sha512-/kYRxGDLWzHOB7q+wtSUQlFrtcdUccpfy+X+9iMBpHK8QLLhx2wIPYuS5DYtR9Wa/YlZAbIovy7qVdB1Aq6Lyw==

"@types/pug@^2.0.6":
  version "2.0.10"
  resolved "https://registry.yarnpkg.com/@types/pug/-/pug-2.0.10.tgz#52f8dbd6113517aef901db20b4f3fca543b88c1f"
  integrity sha512-Sk/uYFOBAB7mb74XcpizmH0KOR2Pv3D2Hmrh1Dmy5BmK3MpdSa5kqZcg6EKBdklU0bFXX9gCfzvpnyUehrPIuA==

"@types/resolve@1.20.2":
  version "1.20.2"
  resolved "https://registry.yarnpkg.com/@types/resolve/-/resolve-1.20.2.tgz#97d26e00cd4a0423b4af620abecf3e6f442b7975"
  integrity sha512-60BCwRFOZCQhDncwQdxxeOEEkbc5dIMccYLwbxsS4TUNeVECQ/pBJ0j09mrHOl/JJvpRPGwO9SvE4nR2Nb/a4Q==

"@vue/reactivity@~3.1.1":
  version "3.1.5"
  resolved "https://registry.yarnpkg.com/@vue/reactivity/-/reactivity-3.1.5.tgz#dbec4d9557f7c8f25c2635db1e23a78a729eb991"
  integrity sha512-1tdfLmNjWG6t/CsPldh+foumYFo3cpyCHgBYQ34ylaMsJ+SNHQ1kApMIa8jN+i593zQuaw3AdWH0nJTARzCFhg==
  dependencies:
    "@vue/shared" "3.1.5"

"@vue/shared@3.1.5":
  version "3.1.5"
  resolved "https://registry.yarnpkg.com/@vue/shared/-/shared-3.1.5.tgz#74ee3aad995d0a3996a6bb9533d4d280514ede03"
  integrity sha512-oJ4F3TnvpXaQwZJNF3ZK+kLPHKarDmJjJ6jyzVNDKH9md1dptjC7lWR//jrGuLdek/U6iltWxqAnYOu8gCiOvA==

"@yr/monotone-cubic-spline@^1.0.3":
  version "1.0.3"
  resolved "https://registry.yarnpkg.com/@yr/monotone-cubic-spline/-/monotone-cubic-spline-1.0.3.tgz#7272d89f8e4f6fb7a1600c28c378cc18d3b577b9"
  integrity sha512-FQXkOta0XBSUPHndIKON2Y9JeQz5ZeMqLYZVVK93FliNBFm7LNMIZmY6FrMEB9XPcDbE2bekMbZD6kzDkxwYjA==

acorn@^8.10.0, acorn@^8.9.0:
  version "8.12.1"
  resolved "https://registry.yarnpkg.com/acorn/-/acorn-8.12.1.tgz#71616bdccbe25e27a54439e0046e89ca76df2248"
  integrity sha512-tcpGyI9zbizT9JbV6oYE477V6mTlXvvi0T0G3SNIYE2apm/G5huBa1+K89VGeovbg+jycCrfhl3ADxErOuO6Jg==

alpinejs@^3.13.0:
  version "3.14.1"
  resolved "https://registry.yarnpkg.com/alpinejs/-/alpinejs-3.14.1.tgz#549e056c3b75e57c0f23076a13cde09da684ba0a"
  integrity sha512-ICar8UsnRZAYvv/fCNfNeKMXNoXGUfwHrjx7LqXd08zIP95G2d9bAOuaL97re+1mgt/HojqHsfdOLo/A5LuWgQ==
  dependencies:
    "@vue/reactivity" "~3.1.1"

apexcharts@^3.45.1:
  version "3.51.0"
  resolved "https://registry.yarnpkg.com/apexcharts/-/apexcharts-3.51.0.tgz#f99d8a7f49045b61bab795522f35233faac5fe94"
  integrity sha512-WpCdVdGiJjf9SAyEeg2rl3q5OqCcNqiEmH0+filMraUiH6Vqyn5GFeMMyH0pon44xjNr1G0xzIRERKRmsGEuRA==
  dependencies:
    "@yr/monotone-cubic-spline" "^1.0.3"
    svg.draggable.js "^2.2.2"
    svg.easing.js "^2.0.0"
    svg.filter.js "^2.0.2"
    svg.pathmorphing.js "^0.1.3"
    svg.resize.js "^1.4.3"
    svg.select.js "^3.0.1"

aria-query@^5.3.0:
  version "5.3.0"
  resolved "https://registry.yarnpkg.com/aria-query/-/aria-query-5.3.0.tgz#650c569e41ad90b51b3d7df5e5eed1c7549c103e"
  integrity sha512-b0P0sZPKtyu8HkeRAfCq0IfURZK+SuwMjY1UXGBU27wpAiTwQAIlq56IbIO+ytk/JjS1fMR14ee5WBBfKi5J6A==
  dependencies:
    dequal "^2.0.3"

axobject-query@^4.0.0:
  version "4.1.0"
  resolved "https://registry.yarnpkg.com/axobject-query/-/axobject-query-4.1.0.tgz#28768c76d0e3cff21bc62a9e2d0b6ac30042a1ee"
  integrity sha512-qIj0G9wZbMGNLjLmg1PT6v2mE9AH2zlnADJD/2tC6E00hgmhUOfEB6greHPAfLRSufHqROIUTkw6E+M3lH0PTQ==

balanced-match@^1.0.0:
  version "1.0.2"
  resolved "https://registry.yarnpkg.com/balanced-match/-/balanced-match-1.0.2.tgz#e83e3a7e3f300b34cb9d87f615fa0cbf357690ee"
  integrity sha512-3oSeUO0TMV67hN1AmbXsK4yaqU7tjiHlbxRDZOpH0KW9+CeX4bRAaX0Anxt0tx2MrpRpWwQaPwIlISEJhYU5Pw==

brace-expansion@^1.1.7:
  version "1.1.11"
  resolved "https://registry.yarnpkg.com/brace-expansion/-/brace-expansion-1.1.11.tgz#3c7fcbf529d87226f3d2f52b966ff5271eb441dd"
  integrity sha512-iCuPHDFgrHX7H2vEI/5xpz07zSHB00TpugqhmYtVmMO6518mCuRMoOYFldEBl0g187ufozdaHgWKcYFb61qGiA==
  dependencies:
    balanced-match "^1.0.0"
    concat-map "0.0.1"

braces@^3.0.3:
  version "3.0.3"
  resolved "https://registry.yarnpkg.com/braces/-/braces-3.0.3.tgz#490332f40919452272d55a8480adc0c441358789"
  integrity sha512-yQbXgO/OSZVD2IsiLlro+7Hf6Q18EJrKSEsdoMzKePKXct3gvD8oLcOQdIzGupr5Fj+EDe8gO/lxc1BzfMpxvA==
  dependencies:
    fill-range "^7.1.1"

buffer-crc32@^1.0.0:
  version "1.0.0"
  resolved "https://registry.yarnpkg.com/buffer-crc32/-/buffer-crc32-1.0.0.tgz#a10993b9055081d55304bd9feb4a072de179f405"
  integrity sha512-Db1SbgBS/fg/392AblrMJk97KggmvYhr4pB5ZIMTWtaivCPMWLkmb7m21cJvpvgK+J3nsU2CmmixNBZx4vFj/w==

builtin-modules@^3.3.0:
  version "3.3.0"
  resolved "https://registry.yarnpkg.com/builtin-modules/-/builtin-modules-3.3.0.tgz#cae62812b89801e9656336e46223e030386be7b6"
  integrity sha512-zhaCDicdLuWN5UbN5IMnFqNMhNfo919sH85y2/ea+5Yg9TsTkeZxpL+JLbp6cgYFS4sRLp3YV4S6yDuqVWHYOw==

choices.js@^10.2.0:
  version "10.2.0"
  resolved "https://registry.yarnpkg.com/choices.js/-/choices.js-10.2.0.tgz#3fe915a12b469a87b9552cd7158e413c8f65ab4f"
  integrity sha512-8PKy6wq7BMjNwDTZwr3+Zry6G2+opJaAJDDA/j3yxvqSCnvkKe7ZIFfIyOhoc7htIWFhsfzF9tJpGUATcpUtPg==
  dependencies:
    deepmerge "^4.2.2"
    fuse.js "^6.6.2"
    redux "^4.2.0"

code-red@^1.0.3:
  version "1.0.4"
  resolved "https://registry.yarnpkg.com/code-red/-/code-red-1.0.4.tgz#59ba5c9d1d320a4ef795bc10a28bd42bfebe3e35"
  integrity sha512-7qJWqItLA8/VPVlKJlFXU+NBlo/qyfs39aJcuMT/2ere32ZqvF5OSxgdM5xOfJJ7O429gg2HM47y8v9P+9wrNw==
  dependencies:
    "@jridgewell/sourcemap-codec" "^1.4.15"
    "@types/estree" "^1.0.1"
    acorn "^8.10.0"
    estree-walker "^3.0.3"
    periscopic "^3.1.0"

concat-map@0.0.1:
  version "0.0.1"
  resolved "https://registry.yarnpkg.com/concat-map/-/concat-map-0.0.1.tgz#d8a96bd77fd68df7793a73036a3ba0d5405d477b"
  integrity sha512-/Srv4dswyQNBfohGpz9o6Yb3Gz3SrUDqBH5rTuhGR7ahtlbYKnVxw2bCFMRljaA7EXHaXZ8wsHdodFvbkhKmqg==

css-tree@^2.3.1:
  version "2.3.1"
  resolved "https://registry.yarnpkg.com/css-tree/-/css-tree-2.3.1.tgz#10264ce1e5442e8572fc82fbe490644ff54b5c20"
  integrity sha512-6Fv1DV/TYw//QF5IzQdqsNDjx/wc8TrMBZsqjL9eW01tWb7R7k/mq+/VXfJCl7SoD5emsJop9cOByJZfs8hYIw==
  dependencies:
    mdn-data "2.0.30"
    source-map-js "^1.0.1"

deepmerge@^4.2.2:
  version "4.3.1"
  resolved "https://registry.yarnpkg.com/deepmerge/-/deepmerge-4.3.1.tgz#44b5f2147cd3b00d4b56137685966f26fd25dd4a"
  integrity sha512-3sUqbMEc77XqpdNO7FRyRog+eW3ph+GYCbj+rK+uYyRMuwsVy0rMiVtPn+QJlKFvWP/1PYpapqYn0Me2knFn+A==

dequal@^2.0.3:
  version "2.0.3"
  resolved "https://registry.yarnpkg.com/dequal/-/dequal-2.0.3.tgz#2644214f1997d39ed0ee0ece72335490a7ac67be"
  integrity sha512-0je+qPKHEMohvfRTCEo3CrPG6cAzAYgmzKyxRiYSSDkS6eGJdyVJm7WaYA5ECaAD9wLB2T4EEeymA5aFVcYXCA==

detect-indent@^6.1.0:
  version "6.1.0"
  resolved "https://registry.yarnpkg.com/detect-indent/-/detect-indent-6.1.0.tgz#592485ebbbf6b3b1ab2be175c8393d04ca0d57e6"
  integrity sha512-reYkTUJAZb9gUuZ2RvVCNhVHdg62RHnJ7WJl8ftMi4diZ6NWlciOzQN88pUhSELEwflJht4oQDv0F0BMlwaYtA==

es6-promise@^3.1.2:
  version "3.3.1"
  resolved "https://registry.yarnpkg.com/es6-promise/-/es6-promise-3.3.1.tgz#a08cdde84ccdbf34d027a1451bc91d4bcd28a613"
  integrity sha512-SOp9Phqvqn7jtEUxPWdWfWoLmyt2VaJ6MpvP9Comy1MceMXqE6bxvaTu4iaxpYYPzhny28Lc+M87/c2cPK6lDg==

esbuild-plugin-import-glob@^0.1.1:
  version "0.1.1"
  resolved "https://registry.yarnpkg.com/esbuild-plugin-import-glob/-/esbuild-plugin-import-glob-0.1.1.tgz#6ab5ad992aa67ba9b1aa80c0759d5617960cd5c3"
  integrity sha512-yAFH+9AoIcsQkODSx0KUPRv1FeJUN6Tef8vkPQMcuVkc2vXYneYKsHhOiFS/yIsg5bQ70HHtAlXVA1uTjgoJXg==
  dependencies:
    fast-glob "^3.2.5"

esbuild-svelte@^0.8.0:
  version "0.8.1"
  resolved "https://registry.yarnpkg.com/esbuild-svelte/-/esbuild-svelte-0.8.1.tgz#12d716f420e0b9516ba3cf9f7c264432afac8a1a"
  integrity sha512-iswZSetqRxYaQoWMd38Gu6AanIL6KFsVj8/unei7qTaxjAkRDulW62/Bc5nmeogKBWekBvrPOE106wui7gYARQ==
  dependencies:
    "@jridgewell/trace-mapping" "^0.3.19"

esbuild@^0.16.17:
  version "0.16.17"
  resolved "https://registry.yarnpkg.com/esbuild/-/esbuild-0.16.17.tgz#fc2c3914c57ee750635fee71b89f615f25065259"
  integrity sha512-G8LEkV0XzDMNwXKgM0Jwu3nY3lSTwSGY6XbxM9cr9+s0T/qSV1q1JVPBGzm3dcjhCic9+emZDmMffkwgPeOeLg==
  optionalDependencies:
    "@esbuild/android-arm" "0.16.17"
    "@esbuild/android-arm64" "0.16.17"
    "@esbuild/android-x64" "0.16.17"
    "@esbuild/darwin-arm64" "0.16.17"
    "@esbuild/darwin-x64" "0.16.17"
    "@esbuild/freebsd-arm64" "0.16.17"
    "@esbuild/freebsd-x64" "0.16.17"
    "@esbuild/linux-arm" "0.16.17"
    "@esbuild/linux-arm64" "0.16.17"
    "@esbuild/linux-ia32" "0.16.17"
    "@esbuild/linux-loong64" "0.16.17"
    "@esbuild/linux-mips64el" "0.16.17"
    "@esbuild/linux-ppc64" "0.16.17"
    "@esbuild/linux-riscv64" "0.16.17"
    "@esbuild/linux-s390x" "0.16.17"
    "@esbuild/linux-x64" "0.16.17"
    "@esbuild/netbsd-x64" "0.16.17"
    "@esbuild/openbsd-x64" "0.16.17"
    "@esbuild/sunos-x64" "0.16.17"
    "@esbuild/win32-arm64" "0.16.17"
    "@esbuild/win32-ia32" "0.16.17"
    "@esbuild/win32-x64" "0.16.17"

estree-walker@^2.0.2:
  version "2.0.2"
  resolved "https://registry.yarnpkg.com/estree-walker/-/estree-walker-2.0.2.tgz#52f010178c2a4c117a7757cfe942adb7d2da4cac"
  integrity sha512-Rfkk/Mp/DL7JVje3u18FxFujQlTNR2q6QfMSMB7AvCBx91NGj/ba3kCfza0f6dVDbw7YlRf/nDrn7pQrCCyQ/w==

estree-walker@^3.0.0, estree-walker@^3.0.3:
  version "3.0.3"
  resolved "https://registry.yarnpkg.com/estree-walker/-/estree-walker-3.0.3.tgz#67c3e549ec402a487b4fc193d1953a524752340d"
  integrity sha512-7RUKfXgSMMkzt6ZuXmqapOurLGPPfgj6l9uRZ7lRGolvk0y2yocc35LdcxKC5PQZdn2DMqioAQ2NoWcrTKmm6g==
  dependencies:
    "@types/estree" "^1.0.0"

fast-glob@^3.2.5:
  version "3.3.2"
  resolved "https://registry.yarnpkg.com/fast-glob/-/fast-glob-3.3.2.tgz#a904501e57cfdd2ffcded45e99a54fef55e46129"
  integrity sha512-oX2ruAFQwf/Orj8m737Y5adxDQO0LAB7/S5MnxCdTNDd4p6BsyIVsv9JQsATbTSq8KHRpLwIHbVlUNatxd+1Ow==
  dependencies:
    "@nodelib/fs.stat" "^2.0.2"
    "@nodelib/fs.walk" "^1.2.3"
    glob-parent "^5.1.2"
    merge2 "^1.3.0"
    micromatch "^4.0.4"

fastq@^1.6.0:
  version "1.17.1"
  resolved "https://registry.yarnpkg.com/fastq/-/fastq-1.17.1.tgz#2a523f07a4e7b1e81a42b91b8bf2254107753b47"
  integrity sha512-sRVD3lWVIXWg6By68ZN7vho9a1pQcN/WBFaAAsDDFzlJjvoGx0P8z7V1t72grFJfJhu3YPZBuu25f7Kaw2jN1w==
  dependencies:
    reusify "^1.0.4"

fill-range@^7.1.1:
  version "7.1.1"
  resolved "https://registry.yarnpkg.com/fill-range/-/fill-range-7.1.1.tgz#44265d3cac07e3ea7dc247516380643754a05292"
  integrity sha512-YsGpe3WHLK8ZYi4tWDg2Jy3ebRz2rXowDxnld4bkQB00cc/1Zw9AWnC0i9ztDJitivtQvaI9KaLyKrc+hBW0yg==
  dependencies:
    to-regex-range "^5.0.1"

flowbite-datepicker@^1.3.0:
  version "1.3.0"
  resolved "https://registry.yarnpkg.com/flowbite-datepicker/-/flowbite-datepicker-1.3.0.tgz#60b2423dfa1013e61c50babcf8512501d8b835ee"
  integrity sha512-CLVqzuoE2vkUvWYK/lJ6GzT0be5dlTbH3uuhVwyB67+PjqJWABm2wv68xhBf5BqjpBxvTSQ3mrmLHpPJ2tvrSQ==
  dependencies:
    "@rollup/plugin-node-resolve" "^15.2.3"
    flowbite "^2.0.0"

flowbite@^2.0.0, flowbite@^2.4.1:
  version "2.4.1"
  resolved "https://registry.yarnpkg.com/flowbite/-/flowbite-2.4.1.tgz#d177173b13247186c4768c4a8a7cc46ce5c260eb"
  integrity sha512-I++vDsSOOlzHNuxY2OcFMNVC4CNzpPU2K14YHJ81cYrANXdzgizqniMB/1KQ219x8fqw+S0msY9Q45ZSXDqAPw==
  dependencies:
    "@popperjs/core" "^2.9.3"
    flowbite-datepicker "^1.3.0"
    mini-svg-data-uri "^1.4.3"

fs.realpath@^1.0.0:
  version "1.0.0"
  resolved "https://registry.yarnpkg.com/fs.realpath/-/fs.realpath-1.0.0.tgz#1504ad2523158caa40db4a2787cb01411994ea4f"
  integrity sha512-OO0pH2lK6a0hZnAdau5ItzHPI6pUlvI7jMVnxUQRtw4owF2wk8lOSabtGDCTP4Ggrg2MbGnWO9X8K1t4+fGMDw==

function-bind@^1.1.2:
  version "1.1.2"
  resolved "https://registry.yarnpkg.com/function-bind/-/function-bind-1.1.2.tgz#2c02d864d97f3ea6c8830c464cbd11ab6eab7a1c"
  integrity sha512-7XHNxH7qX9xG5mIwxkhumTox/MIRNcOgDrxWsMt2pAr23WHp6MrRlN7FBSFpCpr+oVO0F744iUgR82nJMfG2SA==

fuse.js@^6.6.2:
  version "6.6.2"
  resolved "https://registry.yarnpkg.com/fuse.js/-/fuse.js-6.6.2.tgz#fe463fed4b98c0226ac3da2856a415576dc9a111"
  integrity sha512-cJaJkxCCxC8qIIcPBF9yGxY0W/tVZS3uEISDxhYIdtk8OL93pe+6Zj7LjCqVV4dzbqcriOZ+kQ/NE4RXZHsIGA==

glob-parent@^5.1.2:
  version "5.1.2"
  resolved "https://registry.yarnpkg.com/glob-parent/-/glob-parent-5.1.2.tgz#869832c58034fe68a4093c17dc15e8340d8401c4"
  integrity sha512-AOIgSQCepiJYwP3ARnGx+5VnTu2HBYdzbGP45eLw1vr3zB3vZLeyed1sC9hnbcOc9/SrMyM5RPQrkGz4aS9Zow==
  dependencies:
    is-glob "^4.0.1"

glob@^7.1.3:
  version "7.2.3"
  resolved "https://registry.yarnpkg.com/glob/-/glob-7.2.3.tgz#b8df0fb802bbfa8e89bd1d938b4e16578ed44f2b"
  integrity sha512-nFR0zLpU2YCaRxwoCJvL6UvCH2JFyFVIvwTLsIf21AuHlMskA1hhTdk+LlYJtOlYt9v6dvszD2BGRqBL+iQK9Q==
  dependencies:
    fs.realpath "^1.0.0"
    inflight "^1.0.4"
    inherits "2"
    minimatch "^3.1.1"
    once "^1.3.0"
    path-is-absolute "^1.0.0"

graceful-fs@^4.1.3:
  version "4.2.11"
  resolved "https://registry.yarnpkg.com/graceful-fs/-/graceful-fs-4.2.11.tgz#4183e4e8bf08bb6e05bbb2f7d2e0c8f712ca40e3"
  integrity sha512-RbJ5/jmFcNNCcDV5o9eTnBLJ/HszWV0P73bc+Ff4nS/rJj+YaS6IGyiOL0VoBYX+l1Wrl3k63h/KrH+nhJ0XvQ==

hasown@^2.0.2:
  version "2.0.2"
  resolved "https://registry.yarnpkg.com/hasown/-/hasown-2.0.2.tgz#003eaf91be7adc372e84ec59dc37252cedb80003"
  integrity sha512-0hJU9SCPvmMzIBdZFqNPXWa6dqh7WdH0cII9y+CyS8rG3nL48Bclra9HmKhVVUHyPWNH5Y7xDwAB7bfgSjkUMQ==
  dependencies:
    function-bind "^1.1.2"

humanize-duration@^3.31.0:
  version "3.32.1"
  resolved "https://registry.yarnpkg.com/humanize-duration/-/humanize-duration-3.32.1.tgz#922beff5da36fb1cee3de26ada24c592b0fe519b"
  integrity sha512-inh5wue5XdfObhu/IGEMiA1nUXigSGcaKNemcbLRKa7jXYGDZXr3LoT9pTIzq2hPEbld7w/qv9h+ikWGz8fL1g==

inflight@^1.0.4:
  version "1.0.6"
  resolved "https://registry.yarnpkg.com/inflight/-/inflight-1.0.6.tgz#49bd6331d7d02d0c09bc910a1075ba8165b56df9"
  integrity sha512-k92I/b08q4wvFscXCLvqfsHCrjrF7yiXsQuIVvVE7N82W3+aqpzuUdBbfhWcy/FZR3/4IgflMgKLOsvPDrGCJA==
  dependencies:
    once "^1.3.0"
    wrappy "1"

inherits@2:
  version "2.0.4"
  resolved "https://registry.yarnpkg.com/inherits/-/inherits-2.0.4.tgz#0fa2c64f932917c3433a0ded55363aae37416b7c"
  integrity sha512-k/vGaX4/Yla3WzyMCvTQOXYeIHvqOKtnqBduzTHpzpQZzAskKMhZ2K+EnBiSM9zGSoIFeMpXKxa4dYeZIQqewQ==

is-builtin-module@^3.2.1:
  version "3.2.1"
  resolved "https://registry.yarnpkg.com/is-builtin-module/-/is-builtin-module-3.2.1.tgz#f03271717d8654cfcaf07ab0463faa3571581169"
  integrity sha512-BSLE3HnV2syZ0FK0iMA/yUGplUeMmNz4AW5fnTunbCIqZi4vG3WjJT9FHMy5D69xmAYBHXQhJdALdpwVxV501A==
  dependencies:
    builtin-modules "^3.3.0"

is-core-module@^2.13.0:
  version "2.15.0"
  resolved "https://registry.yarnpkg.com/is-core-module/-/is-core-module-2.15.0.tgz#71c72ec5442ace7e76b306e9d48db361f22699ea"
  integrity sha512-Dd+Lb2/zvk9SKy1TGCt1wFJFo/MWBPMX5x7KcvLajWTGuomczdQX61PvY5yK6SVACwpoexWo81IfFyoKY2QnTA==
  dependencies:
    hasown "^2.0.2"

is-extglob@^2.1.1:
  version "2.1.1"
  resolved "https://registry.yarnpkg.com/is-extglob/-/is-extglob-2.1.1.tgz#a88c02535791f02ed37c76a1b9ea9773c833f8c2"
  integrity sha512-SbKbANkN603Vi4jEZv49LeVJMn4yGwsbzZworEoyEiutsN3nJYdbO36zfhGJ6QEDpOZIFkDtnq5JRxmvl3jsoQ==

is-glob@^4.0.1:
  version "4.0.3"
  resolved "https://registry.yarnpkg.com/is-glob/-/is-glob-4.0.3.tgz#64f61e42cbbb2eec2071a9dac0b28ba1e65d5084"
  integrity sha512-xelSayHH36ZgE7ZWhli7pW34hNbNl8Ojv5KVmkJD4hBdD3th8Tfk9vYasLM+mXWOZhFkgZfxhLSnrwRr4elSSg==
  dependencies:
    is-extglob "^2.1.1"

is-module@^1.0.0:
  version "1.0.0"
  resolved "https://registry.yarnpkg.com/is-module/-/is-module-1.0.0.tgz#3258fb69f78c14d5b815d664336b4cffb6441591"
  integrity sha512-51ypPSPCoTEIN9dy5Oy+h4pShgJmPCygKfyRCISBI+JoWT/2oJvK8QPxmwv7b/p239jXrm9M1mlQbyKJ5A152g==

is-number@^7.0.0:
  version "7.0.0"
  resolved "https://registry.yarnpkg.com/is-number/-/is-number-7.0.0.tgz#7535345b896734d5f80c4d06c50955527a14f12b"
  integrity sha512-41Cifkg6e8TylSpdtTpeLVMqvSBEVzTttHvERD741+pnZ8ANv0004MRL43QKPDlK9cGvNp6NZWZUBlbGXYxxng==

is-reference@^3.0.0, is-reference@^3.0.1:
  version "3.0.2"
  resolved "https://registry.yarnpkg.com/is-reference/-/is-reference-3.0.2.tgz#154747a01f45cd962404ee89d43837af2cba247c"
  integrity sha512-v3rht/LgVcsdZa3O2Nqs+NMowLOxeOm7Ay9+/ARQ2F+qEoANRcqrjAZKGN0v8ymUetZGgkp26LTnGT7H0Qo9Pg==
  dependencies:
    "@types/estree" "*"

locate-character@^3.0.0:
  version "3.0.0"
  resolved "https://registry.yarnpkg.com/locate-character/-/locate-character-3.0.0.tgz#0305c5b8744f61028ef5d01f444009e00779f974"
  integrity sha512-SW13ws7BjaeJ6p7Q6CO2nchbYEc3X3J6WrmTTDto7yMPqVSZTUyY5Tjbid+Ab8gLnATtygYtiDIJGQRRn2ZOiA==

magic-string@^0.30.4, magic-string@^0.30.5:
  version "0.30.10"
  resolved "https://registry.yarnpkg.com/magic-string/-/magic-string-0.30.10.tgz#123d9c41a0cb5640c892b041d4cfb3bd0aa4b39e"
  integrity sha512-iIRwTIf0QKV3UAnYK4PU8uiEc4SRh5jX0mwpIwETPpHdhVM4f53RSwS/vXvN1JhGX+Cs7B8qIq3d6AH49O5fAQ==
  dependencies:
    "@jridgewell/sourcemap-codec" "^1.4.15"

mdn-data@2.0.30:
  version "2.0.30"
  resolved "https://registry.yarnpkg.com/mdn-data/-/mdn-data-2.0.30.tgz#ce4df6f80af6cfbe218ecd5c552ba13c4dfa08cc"
  integrity sha512-GaqWWShW4kv/G9IEucWScBx9G1/vsFZZJUO+tD26M8J8z3Kw5RDQjaoZe03YAClgeS/SWPOcb4nkFBTEi5DUEA==

merge2@^1.3.0:
  version "1.4.1"
  resolved "https://registry.yarnpkg.com/merge2/-/merge2-1.4.1.tgz#4368892f885e907455a6fd7dc55c0c9d404990ae"
  integrity sha512-8q7VEgMJW4J8tcfVPy8g09NcQwZdbwFEqhe/WZkoIzjn/3TGDwtOCYtXGxA3O8tPzpczCCDgv+P2P5y00ZJOOg==

micromatch@^4.0.4:
  version "4.0.7"
  resolved "https://registry.yarnpkg.com/micromatch/-/micromatch-4.0.7.tgz#33e8190d9fe474a9895525f5618eee136d46c2e5"
  integrity sha512-LPP/3KorzCwBxfeUuZmaR6bG2kdeHSbe0P2tY3FLRU4vYrjYz5hI4QZwV0njUx3jeuKe67YukQ1LSPZBKDqO/Q==
  dependencies:
    braces "^3.0.3"
    picomatch "^2.3.1"

min-indent@^1.0.0:
  version "1.0.1"
  resolved "https://registry.yarnpkg.com/min-indent/-/min-indent-1.0.1.tgz#a63f681673b30571fbe8bc25686ae746eefa9869"
  integrity sha512-I9jwMn07Sy/IwOj3zVkVik2JTvgpaykDZEigL6Rx6N9LbMywwUSMtxET+7lVoDLLd3O3IXwJwvuuns8UB/HeAg==

mini-svg-data-uri@^1.4.3:
  version "1.4.4"
  resolved "https://registry.yarnpkg.com/mini-svg-data-uri/-/mini-svg-data-uri-1.4.4.tgz#8ab0aabcdf8c29ad5693ca595af19dd2ead09939"
  integrity sha512-r9deDe9p5FJUPZAk3A59wGH7Ii9YrjjWw0jmw/liSbHl2CHiyXj6FcDXDu2K3TjVAXqiJdaw3xxwlZZr9E6nHg==

minimatch@^3.1.1:
  version "3.1.2"
  resolved "https://registry.yarnpkg.com/minimatch/-/minimatch-3.1.2.tgz#19cd194bfd3e428f049a70817c038d89ab4be35b"
  integrity sha512-J7p63hRiAjw1NDEww1W7i37+ByIrOWO5XQQAzZ3VOcL0PNybwpfmV/N05zFAzwQ9USyEcX6t3UO+K5aqBQOIHw==
  dependencies:
    brace-expansion "^1.1.7"

minimist@^1.2.0, minimist@^1.2.6:
  version "1.2.8"
  resolved "https://registry.yarnpkg.com/minimist/-/minimist-1.2.8.tgz#c1a464e7693302e082a075cee0c057741ac4772c"
  integrity sha512-2yyAR8qBkN3YuheJanUpWC5U3bb5osDywNB8RzDVlDwDHbocAJveqqj1u8+SVD7jkWT4yvsHCpWqqWqAxb0zCA==

mkdirp@^0.5.1:
  version "0.5.6"
  resolved "https://registry.yarnpkg.com/mkdirp/-/mkdirp-0.5.6.tgz#7def03d2432dcae4ba1d611445c48396062255f6"
  integrity sha512-FP+p8RB8OWpF3YZBCrP5gtADmtXApB5AMLn+vdyA+PyxCjrCs00mjyUozssO33cwDeT3wNGdLxJ5M//YqtHAJw==
  dependencies:
    minimist "^1.2.6"

moment@^2.30.1:
  version "2.30.1"
  resolved "https://registry.yarnpkg.com/moment/-/moment-2.30.1.tgz#f8c91c07b7a786e30c59926df530b4eac96974ae"
  integrity sha512-uEmtNhbDOrWPFS+hdjFCBfy9f2YoyzRpwcl+DqpC6taX21FzsTLQVbMV/W7PzNSX6x/bhC1zA3c2UQ5NzH6how==

once@^1.3.0:
  version "1.4.0"
  resolved "https://registry.yarnpkg.com/once/-/once-1.4.0.tgz#583b1aa775961d4b113ac17d9c50baef9dd76bd1"
  integrity sha512-lNaJgI+2Q5URQBkccEKHTQOPaXdUxnZZElQTZY0MFUAuaEqe1E+Nyvgdz/aIyNi6Z9MzO5dv1H8n58/GELp3+w==
  dependencies:
    wrappy "1"

path-is-absolute@^1.0.0:
  version "1.0.1"
  resolved "https://registry.yarnpkg.com/path-is-absolute/-/path-is-absolute-1.0.1.tgz#174b9268735534ffbc7ace6bf53a5a9e1b5c5f5f"
  integrity sha512-AVbw3UJ2e9bq64vSaS9Am0fje1Pa8pbGqTTsmXfaIiMpnr5DlDhfJOuLj9Sf95ZPVDAUerDfEk88MPmPe7UCQg==

path-parse@^1.0.7:
  version "1.0.7"
  resolved "https://registry.yarnpkg.com/path-parse/-/path-parse-1.0.7.tgz#fbc114b60ca42b30d9daf5858e4bd68bbedb6735"
  integrity sha512-LDJzPVEEEPR+y48z93A0Ed0yXb8pAByGWo/k5YYdYgpY2/2EsOsksJrq7lOHxryrVOn1ejG6oAp8ahvOIQD8sw==

periscopic@^3.1.0:
  version "3.1.0"
  resolved "https://registry.yarnpkg.com/periscopic/-/periscopic-3.1.0.tgz#7e9037bf51c5855bd33b48928828db4afa79d97a"
  integrity sha512-vKiQ8RRtkl9P+r/+oefh25C3fhybptkHKCZSPlcXiJux2tJF55GnEj3BVn4A5gKfq9NWWXXrxkHBwVPUfH0opw==
  dependencies:
    "@types/estree" "^1.0.0"
    estree-walker "^3.0.0"
    is-reference "^3.0.0"

"phoenix@file:../deps/phoenix":
  version "1.7.14"

"phoenix_html@file:../deps/phoenix_html":
  version "4.1.0"

"phoenix_live_view@file:../deps/phoenix_live_view":
  version "0.20.17"

photoswipe@^5.4.2:
  version "5.4.4"
  resolved "https://registry.yarnpkg.com/photoswipe/-/photoswipe-5.4.4.tgz#e045dc036453493188d5c8665b0e8f1000ac4d6e"
  integrity sha512-WNFHoKrkZNnvFFhbHL93WDkW3ifwVOXSW3w1UuZZelSmgXpIGiZSNlZJq37rR8YejqME2rHs9EhH9ZvlvFH2NA==

picomatch@^2.3.1:
  version "2.3.1"
  resolved "https://registry.yarnpkg.com/picomatch/-/picomatch-2.3.1.tgz#3ba3833733646d9d3e4995946c1365a67fb07a42"
  integrity sha512-JU3teHTNjmE2VCGFzuY8EXzCDVwEqB2a8fsIvwaStHhAWJEeVd1o1QD80CU6+ZdEXXSLbSsuLwJjkCBWqRQUVA==

queue-microtask@^1.2.2:
  version "1.2.3"
  resolved "https://registry.yarnpkg.com/queue-microtask/-/queue-microtask-1.2.3.tgz#4929228bbc724dfac43e0efb058caf7b6cfb6243"
  integrity sha512-NuaNSa6flKT5JaSYQzJok04JzTL1CA6aGhv5rfLW3PgqA+M2ChpZQnAC8h8i4ZFkBS8X5RqkDBHA7r4hej3K9A==

redux@^4.2.0:
  version "4.2.1"
  resolved "https://registry.yarnpkg.com/redux/-/redux-4.2.1.tgz#c08f4306826c49b5e9dc901dee0452ea8fce6197"
  integrity sha512-LAUYz4lc+Do8/g7aeRa8JkyDErK6ekstQaqWQrNRW//MY1TvCEpMtpTWvlQ+FPbWCx+Xixu/6SHt5N0HR+SB4w==
  dependencies:
    "@babel/runtime" "^7.9.2"

regenerator-runtime@^0.14.0:
  version "0.14.1"
  resolved "https://registry.yarnpkg.com/regenerator-runtime/-/regenerator-runtime-0.14.1.tgz#356ade10263f685dda125100cd862c1db895327f"
  integrity sha512-dYnhHh0nJoMfnkZs6GmmhFknAGRrLznOu5nc9ML+EJxGvrx6H7teuevqVqCuPcPK//3eDrrjQhehXVx9cnkGdw==

resolve@^1.22.1:
  version "1.22.8"
  resolved "https://registry.yarnpkg.com/resolve/-/resolve-1.22.8.tgz#b6c87a9f2aa06dfab52e3d70ac8cde321fa5a48d"
  integrity sha512-oKWePCxqpd6FlLvGV1VU0x7bkPmmCNolxzjMf4NczoDnQcIWrAF+cPtZn5i6n+RfD2d9i0tzpKnG6Yk168yIyw==
  dependencies:
    is-core-module "^2.13.0"
    path-parse "^1.0.7"
    supports-preserve-symlinks-flag "^1.0.0"

reusify@^1.0.4:
  version "1.0.4"
  resolved "https://registry.yarnpkg.com/reusify/-/reusify-1.0.4.tgz#90da382b1e126efc02146e90845a88db12925d76"
  integrity sha512-U9nH88a3fc/ekCF1l0/UP1IosiuIjyTh7hBvXVMHYgVcfGvt897Xguj2UOLDeI5BG2m7/uwyaLVT6fbtCwTyzw==

rimraf@^2.5.2:
  version "2.7.1"
  resolved "https://registry.yarnpkg.com/rimraf/-/rimraf-2.7.1.tgz#35797f13a7fdadc566142c29d4f07ccad483e3ec"
  integrity sha512-uWjbaKIK3T1OSVptzX7Nl6PvQ3qAGtKEtVRjRuazjfL3Bx5eI409VZSqgND+4UNnmzLVdPj9FqFJNPqBZFve4w==
  dependencies:
    glob "^7.1.3"

run-parallel@^1.1.9:
  version "1.2.0"
  resolved "https://registry.yarnpkg.com/run-parallel/-/run-parallel-1.2.0.tgz#66d1368da7bdf921eb9d95bd1a9229e7f21a43ee"
  integrity sha512-5l4VyZR86LZ/lDxZTR6jqL8AFE2S0IFLMP26AbjsLVADxHdhB/c0GUsH+y39UfCi3dzz8OlQuPmnaJOMoDHQBA==
  dependencies:
    queue-microtask "^1.2.2"

sander@^0.5.0:
  version "0.5.1"
  resolved "https://registry.yarnpkg.com/sander/-/sander-0.5.1.tgz#741e245e231f07cafb6fdf0f133adfa216a502ad"
  integrity sha512-3lVqBir7WuKDHGrKRDn/1Ye3kwpXaDOMsiRP1wd6wpZW56gJhsbp5RqQpA6JG/P+pkXizygnr1dKR8vzWaVsfA==
  dependencies:
    es6-promise "^3.1.2"
    graceful-fs "^4.1.3"
    mkdirp "^0.5.1"
    rimraf "^2.5.2"

signature_pad@^4.1.6:
  version "4.2.0"
  resolved "https://registry.yarnpkg.com/signature_pad/-/signature_pad-4.2.0.tgz#7513cee8cb8afd6594d871c61cf4d61420601422"
  integrity sha512-YLWysmaUBaC5wosAKkgbX7XI+LBv2w5L0QUcI6Jc4moHYzv9BUBJtAyNLpWzHjtjKTeWOH6bfP4a4pzf0UinfQ==

sorcery@^0.11.0:
  version "0.11.1"
  resolved "https://registry.yarnpkg.com/sorcery/-/sorcery-0.11.1.tgz#7cac27ae9c9549b3cd1e4bb85317f7b2dc7b7e22"
  integrity sha512-o7npfeJE6wi6J9l0/5LKshFzZ2rMatRiCDwYeDQaOzqdzRJwALhX7mk/A/ecg6wjMu7wdZbmXfD2S/vpOg0bdQ==
  dependencies:
    "@jridgewell/sourcemap-codec" "^1.4.14"
    buffer-crc32 "^1.0.0"
    minimist "^1.2.0"
    sander "^0.5.0"

source-map-js@^1.0.1:
  version "1.2.0"
  resolved "https://registry.yarnpkg.com/source-map-js/-/source-map-js-1.2.0.tgz#16b809c162517b5b8c3e7dcd315a2a5c2612b2af"
  integrity sha512-itJW8lvSA0TXEphiRoawsCksnlf8SyvmFzIhltqAHluXd88pkCd+cXJVHTDwdCr0IzwptSm035IHQktUu1QUMg==

strip-indent@^3.0.0:
  version "3.0.0"
  resolved "https://registry.yarnpkg.com/strip-indent/-/strip-indent-3.0.0.tgz#c32e1cee940b6b3432c771bc2c54bcce73cd3001"
  integrity sha512-laJTa3Jb+VQpaC6DseHhF7dXVqHTfJPCRDaEbid/drOhgitgYku/letMUqOXFoWV0zIIUbjpdH2t+tYj4bQMRQ==
  dependencies:
    min-indent "^1.0.0"

supports-preserve-symlinks-flag@^1.0.0:
  version "1.0.0"
  resolved "https://registry.yarnpkg.com/supports-preserve-symlinks-flag/-/supports-preserve-symlinks-flag-1.0.0.tgz#6eda4bd344a3c94aea376d4cc31bc77311039e09"
  integrity sha512-ot0WnXS9fgdkgIcePe6RHNk1WA8+muPa6cSjeR3V8K27q9BB1rTE3R1p7Hv0z1ZyAc8s6Vvv8DIyWf681MAt0w==

svelte-preprocess@^5.1.3:
  version "5.1.4"
  resolved "https://registry.yarnpkg.com/svelte-preprocess/-/svelte-preprocess-5.1.4.tgz#14ada075c94bbd2b71c5ec70ff72f8ebe1c95b91"
  integrity sha512-IvnbQ6D6Ao3Gg6ftiM5tdbR6aAETwjhHV+UKGf5bHGYR69RQvF1ho0JKPcbUON4vy4R7zom13jPjgdOWCQ5hDA==
  dependencies:
    "@types/pug" "^2.0.6"
    detect-indent "^6.1.0"
    magic-string "^0.30.5"
    sorcery "^0.11.0"
    strip-indent "^3.0.0"

svelte@^4.2.11:
  version "4.2.18"
  resolved "https://registry.yarnpkg.com/svelte/-/svelte-4.2.18.tgz#33dbce74e83eb6dcc54dbea25f9758b1d8e8bb78"
  integrity sha512-d0FdzYIiAePqRJEb90WlJDkjUEx42xhivxN8muUBmfZnP+tzUgz12DJ2hRJi8sIHCME7jeK1PTMgKPSfTd8JrA==
  dependencies:
    "@ampproject/remapping" "^2.2.1"
    "@jridgewell/sourcemap-codec" "^1.4.15"
    "@jridgewell/trace-mapping" "^0.3.18"
    "@types/estree" "^1.0.1"
    acorn "^8.9.0"
    aria-query "^5.3.0"
    axobject-query "^4.0.0"
    code-red "^1.0.3"
    css-tree "^2.3.1"
    estree-walker "^3.0.3"
    is-reference "^3.0.1"
    locate-character "^3.0.0"
    magic-string "^0.30.4"
    periscopic "^3.1.0"

svg-pan-zoom@^3.6.1:
  version "3.6.1"
  resolved "https://registry.yarnpkg.com/svg-pan-zoom/-/svg-pan-zoom-3.6.1.tgz#f880a1bb32d18e9c625d7715350bebc269b450cf"
  integrity sha512-JaKkGHHfGvRrcMPdJWkssLBeWqM+Isg/a09H7kgNNajT1cX5AztDTNs+C8UzpCxjCTRrG34WbquwaovZbmSk9g==

svg.draggable.js@^2.2.2:
  version "2.2.2"
  resolved "https://registry.yarnpkg.com/svg.draggable.js/-/svg.draggable.js-2.2.2.tgz#c514a2f1405efb6f0263e7958f5b68fce50603ba"
  integrity sha512-JzNHBc2fLQMzYCZ90KZHN2ohXL0BQJGQimK1kGk6AvSeibuKcIdDX9Kr0dT9+UJ5O8nYA0RB839Lhvk4CY4MZw==
  dependencies:
    svg.js "^2.0.1"

svg.easing.js@^2.0.0:
  version "2.0.0"
  resolved "https://registry.yarnpkg.com/svg.easing.js/-/svg.easing.js-2.0.0.tgz#8aa9946b0a8e27857a5c40a10eba4091e5691f12"
  integrity sha512-//ctPdJMGy22YoYGV+3HEfHbm6/69LJUTAqI2/5qBvaNHZ9uUFVC82B0Pl299HzgH13rKrBgi4+XyXXyVWWthA==
  dependencies:
    svg.js ">=2.3.x"

svg.filter.js@^2.0.2:
  version "2.0.2"
  resolved "https://registry.yarnpkg.com/svg.filter.js/-/svg.filter.js-2.0.2.tgz#91008e151389dd9230779fcbe6e2c9a362d1c203"
  integrity sha512-xkGBwU+dKBzqg5PtilaTb0EYPqPfJ9Q6saVldX+5vCRy31P6TlRCP3U9NxH3HEufkKkpNgdTLBJnmhDHeTqAkw==
  dependencies:
    svg.js "^2.2.5"

svg.js@>=2.3.x, svg.js@^2.0.1, svg.js@^2.2.5, svg.js@^2.4.0, svg.js@^2.6.5:
  version "2.7.1"
  resolved "https://registry.yarnpkg.com/svg.js/-/svg.js-2.7.1.tgz#eb977ed4737001eab859949b4a398ee1bb79948d"
  integrity sha512-ycbxpizEQktk3FYvn/8BH+6/EuWXg7ZpQREJvgacqn46gIddG24tNNe4Son6omdXCnSOaApnpZw6MPCBA1dODA==

svg.pathmorphing.js@^0.1.3:
  version "0.1.3"
  resolved "https://registry.yarnpkg.com/svg.pathmorphing.js/-/svg.pathmorphing.js-0.1.3.tgz#c25718a1cc7c36e852ecabc380e758ac09bb2b65"
  integrity sha512-49HWI9X4XQR/JG1qXkSDV8xViuTLIWm/B/7YuQELV5KMOPtXjiwH4XPJvr/ghEDibmLQ9Oc22dpWpG0vUDDNww==
  dependencies:
    svg.js "^2.4.0"

svg.resize.js@^1.4.3:
  version "1.4.3"
  resolved "https://registry.yarnpkg.com/svg.resize.js/-/svg.resize.js-1.4.3.tgz#885abd248e0cd205b36b973c4b578b9a36f23332"
  integrity sha512-9k5sXJuPKp+mVzXNvxz7U0uC9oVMQrrf7cFsETznzUDDm0x8+77dtZkWdMfRlmbkEEYvUn9btKuZ3n41oNA+uw==
  dependencies:
    svg.js "^2.6.5"
    svg.select.js "^2.1.2"

svg.select.js@^2.1.2:
  version "2.1.2"
  resolved "https://registry.yarnpkg.com/svg.select.js/-/svg.select.js-2.1.2.tgz#e41ce13b1acff43a7441f9f8be87a2319c87be73"
  integrity sha512-tH6ABEyJsAOVAhwcCjF8mw4crjXSI1aa7j2VQR8ZuJ37H2MBUbyeqYr5nEO7sSN3cy9AR9DUwNg0t/962HlDbQ==
  dependencies:
    svg.js "^2.2.5"

svg.select.js@^3.0.1:
  version "3.0.1"
  resolved "https://registry.yarnpkg.com/svg.select.js/-/svg.select.js-3.0.1.tgz#a4198e359f3825739226415f82176a90ea5cc917"
  integrity sha512-h5IS/hKkuVCbKSieR9uQCj9w+zLHoPh+ce19bBYyqF53g6mnPB8sAtIbe1s9dh2S2fCmYX2xel1Ln3PJBbK4kw==
  dependencies:
    svg.js "^2.6.5"

svgmap@^2.7.1:
  version "2.10.1"
  resolved "https://registry.yarnpkg.com/svgmap/-/svgmap-2.10.1.tgz#374baa5891fe115af8cd280a8a364f96f621b0a1"
  integrity sha512-5VbuhxD5+TLO5DXzq0t0BywtvG9iarVSGujc7Hej1x9lxV7S2ONH8Gxnhz3e4tcEjrziiIalywcSM61BTNkzcA==
  dependencies:
    svg-pan-zoom "^3.6.1"

to-regex-range@^5.0.1:
  version "5.0.1"
  resolved "https://registry.yarnpkg.com/to-regex-range/-/to-regex-range-5.0.1.tgz#1648c44aae7c8d988a326018ed72f5b4dd0392e4"
  integrity sha512-65P7iz6X5yEr1cwcgvQxbbIw7Uk3gOy5dIdtZ4rDveLqhrdJP+Li/Hx6tyK0NEb+2GCyneCMJiGqrADCSNk8sQ==
  dependencies:
    is-number "^7.0.0"

wrappy@1:
  version "1.0.2"
  resolved "https://registry.yarnpkg.com/wrappy/-/wrappy-1.0.2.tgz#b5243d8f3ec1aa35f1364605bc0d1036e30ab69f"
  integrity sha512-l4Sp/DRseor9wL6EvV2+TuQn63dMkPjZ/sp9XkghTEbV9KlPS1xUsZ3u7/IQO4wxtcFB4bgpQPRcR3QCvezPcQ==
